
Microsoft Visual Studio Solution File, Format Version 12.00
# Visual Studio Version 17
VisualStudioVersion = 17.9.34728.123
MinimumVisualStudioVersion = 10.0.40219.1
Project("{9A19103F-16F7-4668-BE54-9A1E7A4F7556}") = "Tuples", "Tuples.csproj", "{35773A4E-A0B4-4746-8F3D-6E6CE76BE254}"
EndProject
Project("{9A19103F-16F7-4668-BE54-9A1E7A4F7556}") = "ValueTuples", "..\ValueTuples\ValueTuples.csproj", "{2559B56F-E9AC-445D-8860-212CB79E3DB9}"
EndProject
Global
	GlobalSection(SolutionConfigurationPlatforms) = preSolution
		Debug|Any CPU = Debug|Any CPU
		Release|Any CPU = Release|Any CPU
	EndGlobalSection
	GlobalSection(ProjectConfigurationPlatforms) = postSolution
		{35773A4E-A0B4-4746-8F3D-6E6CE76BE254}.Debug|Any CPU.ActiveCfg = Debug|Any CPU
		{35773A4E-A0B4-4746-8F3D-6E6CE76BE254}.Debug|Any CPU.Build.0 = Debug|Any CPU
		{35773A4E-A0B4-4746-8F3D-6E6CE76BE254}.Release|Any CPU.ActiveCfg = Release|Any CPU
		{35773A4E-A0B4-4746-8F3D-6E6CE76BE254}.Release|Any CPU.Build.0 = Release|Any CPU
		{2559B56F-E9AC-445D-8860-212CB79E3DB9}.Debug|Any CPU.ActiveCfg = Debug|Any CPU
		{2559B56F-E9AC-445D-8860-212CB79E3DB9}.Debug|Any CPU.Build.0 = Debug|Any CPU
		{2559B56F-E9AC-445D-8860-212CB79E3DB9}.Release|Any CPU.ActiveCfg = Release|Any CPU
		{2559B56F-E9AC-445D-8860-212CB79E3DB9}.Release|Any CPU.Build.0 = Release|Any CPU
	EndGlobalSection
	GlobalSection(SolutionProperties) = preSolution
		HideSolutionNode = FALSE
	EndGlobalSection
	GlobalSection(ExtensibilityGlobals) = postSolution
		SolutionGuid = {D5FA93CC-D3B6-4A4B-9782-12DBF1D1E608}
	EndGlobalSection
EndGlobal
