
Microsoft Visual Studio Solution File, Format Version 12.00
# Visual Studio Version 17
VisualStudioVersion = 17.9.34728.123
MinimumVisualStudioVersion = 10.0.40219.1
Project("{FAE04EC0-301F-11D3-BF4B-00C04F79EFBC}") = "Tuples", "Tuples.csproj", "{35773A4E-A0B4-4746-8F3D-6E6CE76BE254}"
EndProject
Project("{FAE04EC0-301F-11D3-BF4B-00C04F79EFBC}") = "ValueTuples", "..\ValueTuples\ValueTuples.csproj", "{A6E5637B-C48D-4FAF-BBDC-FDB5E48F0316}"
EndProject
Global
	GlobalSection(SolutionConfigurationPlatforms) = preSolution
		Debug|Any CPU = Debug|Any CPU
		Release|Any CPU = Release|Any CPU
	EndGlobalSection
	GlobalSection(ProjectConfigurationPlatforms) = postSolution
		{35773A4E-A0B4-4746-8F3D-6E6CE76BE254}.Debug|Any CPU.ActiveCfg = Debug|Any CPU
		{35773A4E-A0B4-4746-8F3D-6E6CE76BE254}.Debug|Any CPU.Build.0 = Debug|Any CPU
		{35773A4E-A0B4-4746-8F3D-6E6CE76BE254}.Release|Any CPU.ActiveCfg = Release|Any CPU
		{35773A4E-A0B4-4746-8F3D-6E6CE76BE254}.Release|Any CPU.Build.0 = Release|Any CPU
		{A6E5637B-C48D-4FAF-BBDC-FDB5E48F0316}.Debug|Any CPU.ActiveCfg = Debug|Any CPU
		{A6E5637B-C48D-4FAF-BBDC-FDB5E48F0316}.Debug|Any CPU.Build.0 = Debug|Any CPU
		{A6E5637B-C48D-4FAF-BBDC-FDB5E48F0316}.Release|Any CPU.ActiveCfg = Release|Any CPU
		{A6E5637B-C48D-4FAF-BBDC-FDB5E48F0316}.Release|Any CPU.Build.0 = Release|Any CPU
	EndGlobalSection
	GlobalSection(SolutionProperties) = preSolution
		HideSolutionNode = FALSE
	EndGlobalSection
	GlobalSection(ExtensibilityGlobals) = postSolution
		SolutionGuid = {D5FA93CC-D3B6-4A4B-9782-12DBF1D1E608}
	EndGlobalSection
EndGlobal
